
Microsoft Visual Studio Solution File, Format Version 12.00
# Visual Studio Version 17
VisualStudioVersion = 17.6.33815.320
MinimumVisualStudioVersion = 10.0.40219.1
Project("{9A19103F-16F7-4668-BE54-9A1E7A4F7556}") = "DotNetTrainingBatch3.ConsoleApp", "DotNetTrainingBatch3.ConsoleApp\DotNetTrainingBatch3.ConsoleApp.csproj", "{1984B3FB-DBD8-4367-BF70-7B16CA623E40}"
EndProject
Project("{2150E333-8FDC-42A3-9474-1A3956D46DE8}") = "Documents", "Documents", "{39198B06-4BF1-4F35-B573-62A551336677}"
	ProjectSection(SolutionItems) = preProject
		README.md = README.md
	EndProjectSection
EndProject
Project("{9A19103F-16F7-4668-BE54-9A1E7A4F7556}") = "DotNetTraining3WebApi", "DotNetTraining3WebApi\DotNetTraining3WebApi.csproj", "{128C8945-26D2-4E04-BD6F-AB03CB91575C}"
EndProject
Project("{FAE04EC0-301F-11D3-BF4B-00C04F79EFBC}") = "DotNetTrainingBatch3.BirdWebApi", "DotNetTrainingBatch3.BirdWebApi\DotNetTrainingBatch3.BirdWebApi.csproj", "{EDDD6780-E0D5-462F-A250-4366EB3C800E}"
EndProject
Global
	GlobalSection(SolutionConfigurationPlatforms) = preSolution
		Debug|Any CPU = Debug|Any CPU
		Release|Any CPU = Release|Any CPU
	EndGlobalSection
	GlobalSection(ProjectConfigurationPlatforms) = postSolution
		{1984B3FB-DBD8-4367-BF70-7B16CA623E40}.Debug|Any CPU.ActiveCfg = Debug|Any CPU
		{1984B3FB-DBD8-4367-BF70-7B16CA623E40}.Debug|Any CPU.Build.0 = Debug|Any CPU
		{1984B3FB-DBD8-4367-BF70-7B16CA623E40}.Release|Any CPU.ActiveCfg = Release|Any CPU
		{1984B3FB-DBD8-4367-BF70-7B16CA623E40}.Release|Any CPU.Build.0 = Release|Any CPU
		{128C8945-26D2-4E04-BD6F-AB03CB91575C}.Debug|Any CPU.ActiveCfg = Debug|Any CPU
		{128C8945-26D2-4E04-BD6F-AB03CB91575C}.Debug|Any CPU.Build.0 = Debug|Any CPU
		{128C8945-26D2-4E04-BD6F-AB03CB91575C}.Release|Any CPU.ActiveCfg = Release|Any CPU
		{128C8945-26D2-4E04-BD6F-AB03CB91575C}.Release|Any CPU.Build.0 = Release|Any CPU
		{EDDD6780-E0D5-462F-A250-4366EB3C800E}.Debug|Any CPU.ActiveCfg = Debug|Any CPU
		{EDDD6780-E0D5-462F-A250-4366EB3C800E}.Debug|Any CPU.Build.0 = Debug|Any CPU
		{EDDD6780-E0D5-462F-A250-4366EB3C800E}.Release|Any CPU.ActiveCfg = Release|Any CPU
		{EDDD6780-E0D5-462F-A250-4366EB3C800E}.Release|Any CPU.Build.0 = Release|Any CPU
	EndGlobalSection
	GlobalSection(SolutionProperties) = preSolution
		HideSolutionNode = FALSE
	EndGlobalSection
	GlobalSection(ExtensibilityGlobals) = postSolution
		SolutionGuid = {60E68077-7164-4D2B-A857-082E4BD2EEFD}
	EndGlobalSection
EndGlobal
