
Microsoft Visual Studio Solution File, Format Version 12.00
# Visual Studio Version 17
VisualStudioVersion = 17.6.33815.320
MinimumVisualStudioVersion = 10.0.40219.1
Project("{FAE04EC0-301F-11D3-BF4B-00C04F79EFBC}") = "DotNetTrainingBatch3.MVCApp", "DotNetTrainingBatch3.MVCApp\DotNetTrainingBatch3.MVCApp.csproj", "{5A68343E-E2E2-4B8D-9D01-8016E08B381A}"
EndProject
Global
	GlobalSection(SolutionConfigurationPlatforms) = preSolution
		Debug|Any CPU = Debug|Any CPU
		Release|Any CPU = Release|Any CPU
	EndGlobalSection
	GlobalSection(ProjectConfigurationPlatforms) = postSolution
		{5A68343E-E2E2-4B8D-9D01-8016E08B381A}.Debug|Any CPU.ActiveCfg = Debug|Any CPU
		{5A68343E-E2E2-4B8D-9D01-8016E08B381A}.Debug|Any CPU.Build.0 = Debug|Any CPU
		{5A68343E-E2E2-4B8D-9D01-8016E08B381A}.Release|Any CPU.ActiveCfg = Release|Any CPU
		{5A68343E-E2E2-4B8D-9D01-8016E08B381A}.Release|Any CPU.Build.0 = Release|Any CPU
	EndGlobalSection
	GlobalSection(SolutionProperties) = preSolution
		HideSolutionNode = FALSE
	EndGlobalSection
	GlobalSection(ExtensibilityGlobals) = postSolution
		SolutionGuid = {1BA45C49-8EB2-4F94-BF22-83D6125A6AA0}
	EndGlobalSection
EndGlobal
